
Microsoft Visual Studio Solution File, Format Version 12.00
# Visual Studio Version 16
VisualStudioVersion = 16.0.31205.134
MinimumVisualStudioVersion = 10.0.40219.1
Project("{9A19103F-16F7-4668-BE54-9A1E7A4F7556}") = "Niflheim.Packager", "packager\Niflheim.Packager.csproj", "{5AEC02B7-54CD-408B-A06C-4B46FC0A9FAF}"
EndProject
Project("{2150E333-8FDC-42A3-9474-1A3956D46DE8}") = "dotnet tools", "dotnet tools", "{4441CA54-DECB-4212-A003-46AC574394D7}"
EndProject
Project("{FAE04EC0-301F-11D3-BF4B-00C04F79EFBC}") = "Niflheim.Installer.Client", "Niflheim.Installer.Client\Niflheim.Installer.Client.csproj", "{A1F88B29-A0E5-4B77-8F64-E3C4AC24AA93}"
EndProject
Project("{2150E333-8FDC-42A3-9474-1A3956D46DE8}") = "core", "core", "{5192117F-8E6C-4225-B7A5-CDA43B4C3182}"
EndProject
Project("{FAE04EC0-301F-11D3-BF4B-00C04F79EFBC}") = "Niflheim.Core", "Niflheim.Core\Niflheim.Core.csproj", "{51A1EBBB-0C16-4B90-820C-CF9987EAF2F9}"
EndProject
Project("{2150E333-8FDC-42A3-9474-1A3956D46DE8}") = "tests", "tests", "{C7C5CBD9-152A-4F3F-81AA-10C530CD41DA}"
EndProject
Project("{FAE04EC0-301F-11D3-BF4B-00C04F79EFBC}") = "Niflheim.Core.Tests", "Niflheim.Core.Tests\Niflheim.Core.Tests.csproj", "{E923CB96-7241-45C5-8363-4DE461A22B45}"
EndProject
Project("{2150E333-8FDC-42A3-9474-1A3956D46DE8}") = "installer", "installer", "{6BD968A0-F498-474B-9E8C-1179391B35B2}"
EndProject
Project("{FAE04EC0-301F-11D3-BF4B-00C04F79EFBC}") = "Niflheim.Installer", "Niflheim.Installer\Niflheim.Installer.csproj", "{F1515E88-D41A-490A-958B-FAEB93FE7F3A}"
EndProject
Global
	GlobalSection(SolutionConfigurationPlatforms) = preSolution
		Debug|Any CPU = Debug|Any CPU
		Release|Any CPU = Release|Any CPU
	EndGlobalSection
	GlobalSection(ProjectConfigurationPlatforms) = postSolution
		{5AEC02B7-54CD-408B-A06C-4B46FC0A9FAF}.Debug|Any CPU.ActiveCfg = Debug|Any CPU
		{5AEC02B7-54CD-408B-A06C-4B46FC0A9FAF}.Debug|Any CPU.Build.0 = Debug|Any CPU
		{5AEC02B7-54CD-408B-A06C-4B46FC0A9FAF}.Release|Any CPU.ActiveCfg = Release|Any CPU
		{5AEC02B7-54CD-408B-A06C-4B46FC0A9FAF}.Release|Any CPU.Build.0 = Release|Any CPU
		{A1F88B29-A0E5-4B77-8F64-E3C4AC24AA93}.Debug|Any CPU.ActiveCfg = Debug|Any CPU
		{A1F88B29-A0E5-4B77-8F64-E3C4AC24AA93}.Debug|Any CPU.Build.0 = Debug|Any CPU
		{A1F88B29-A0E5-4B77-8F64-E3C4AC24AA93}.Release|Any CPU.ActiveCfg = Release|Any CPU
		{A1F88B29-A0E5-4B77-8F64-E3C4AC24AA93}.Release|Any CPU.Build.0 = Release|Any CPU
		{51A1EBBB-0C16-4B90-820C-CF9987EAF2F9}.Debug|Any CPU.ActiveCfg = Debug|Any CPU
		{51A1EBBB-0C16-4B90-820C-CF9987EAF2F9}.Debug|Any CPU.Build.0 = Debug|Any CPU
		{51A1EBBB-0C16-4B90-820C-CF9987EAF2F9}.Release|Any CPU.ActiveCfg = Release|Any CPU
		{51A1EBBB-0C16-4B90-820C-CF9987EAF2F9}.Release|Any CPU.Build.0 = Release|Any CPU
		{E923CB96-7241-45C5-8363-4DE461A22B45}.Debug|Any CPU.ActiveCfg = Debug|Any CPU
		{E923CB96-7241-45C5-8363-4DE461A22B45}.Debug|Any CPU.Build.0 = Debug|Any CPU
		{E923CB96-7241-45C5-8363-4DE461A22B45}.Release|Any CPU.ActiveCfg = Release|Any CPU
		{E923CB96-7241-45C5-8363-4DE461A22B45}.Release|Any CPU.Build.0 = Release|Any CPU
		{F1515E88-D41A-490A-958B-FAEB93FE7F3A}.Debug|Any CPU.ActiveCfg = Debug|Any CPU
		{F1515E88-D41A-490A-958B-FAEB93FE7F3A}.Debug|Any CPU.Build.0 = Debug|Any CPU
		{F1515E88-D41A-490A-958B-FAEB93FE7F3A}.Release|Any CPU.ActiveCfg = Release|Any CPU
		{F1515E88-D41A-490A-958B-FAEB93FE7F3A}.Release|Any CPU.Build.0 = Release|Any CPU
	EndGlobalSection
	GlobalSection(SolutionProperties) = preSolution
		HideSolutionNode = FALSE
	EndGlobalSection
	GlobalSection(NestedProjects) = preSolution
		{5AEC02B7-54CD-408B-A06C-4B46FC0A9FAF} = {4441CA54-DECB-4212-A003-46AC574394D7}
		{A1F88B29-A0E5-4B77-8F64-E3C4AC24AA93} = {6BD968A0-F498-474B-9E8C-1179391B35B2}
		{51A1EBBB-0C16-4B90-820C-CF9987EAF2F9} = {5192117F-8E6C-4225-B7A5-CDA43B4C3182}
		{E923CB96-7241-45C5-8363-4DE461A22B45} = {C7C5CBD9-152A-4F3F-81AA-10C530CD41DA}
		{F1515E88-D41A-490A-958B-FAEB93FE7F3A} = {6BD968A0-F498-474B-9E8C-1179391B35B2}
	EndGlobalSection
	GlobalSection(ExtensibilityGlobals) = postSolution
		SolutionGuid = {78A84FD3-6A1C-41E1-BA89-B9BEB4DDB20A}
	EndGlobalSection
EndGlobal
